<?xml version="1.0" encoding="utf-8"?>
<Project ToolsVersion="4.0" xmlns="http://schemas.microsoft.com/developer/msbuild/2003">
  <ItemGroup>
    <Filter Include="include">
      <UniqueIdentifier>{03dcf592-eff9-403c-b900-92de87f7711b}</UniqueIdentifier>
    </Filter>
    <Filter Include="src">
      <UniqueIdentifier>{36bd6a9c-3340-4131-a805-0c611ccdee86}</UniqueIdentifier>
    </Filter>
  </ItemGroup>
  <ItemGroup>
    <ClInclude Include="include\stdafx.h">
      <Filter>include</Filter>
    </ClInclude>
    <ClInclude Include="include\targetver.h">
      <Filter>include</Filter>
    </ClInclude>
    <ClInclude Include="include\Network\Server.h" />
    <ClInclude Include="include\Network\Connection.h" />
    <ClInclude Include="include\Network\Parser.h" />
    <ClInclude Include="include\Network\Client.h" />
  </ItemGroup>
  <ItemGroup>
    <ClCompile Include="src\stdafx.cpp">
      <Filter>src</Filter>
    </ClCompile>
    <ClCompile Include="src\Network\Server.cpp" />
    <ClCompile Include="src\Network\Connection.cpp" />
    <ClCompile Include="src\Network\Parser.cpp" />
    <ClCompile Include="src\Network\Client.cpp" />
  </ItemGroup>
</Project>